
Microsoft Visual Studio Solution File, Format Version 12.00
# Visual Studio Version 17
VisualStudioVersion = 17.10.35013.160
MinimumVisualStudioVersion = 10.0.40219.1
Project("{FAE04EC0-301F-11D3-BF4B-00C04F79EFBC}") = "SWEM_150925_MyFirstGitProject", "SWEM_150925_MyFirstGitProject.csproj", "{D116A83D-6361-4905-8145-D13525976AA6}"
EndProject
Global
	GlobalSection(SolutionConfigurationPlatforms) = preSolution
		Debug|Any CPU = Debug|Any CPU
		Release|Any CPU = Release|Any CPU
	EndGlobalSection
	GlobalSection(ProjectConfigurationPlatforms) = postSolution
		{D116A83D-6361-4905-8145-D13525976AA6}.Debug|Any CPU.ActiveCfg = Debug|Any CPU
		{D116A83D-6361-4905-8145-D13525976AA6}.Debug|Any CPU.Build.0 = Debug|Any CPU
		{D116A83D-6361-4905-8145-D13525976AA6}.Release|Any CPU.ActiveCfg = Release|Any CPU
		{D116A83D-6361-4905-8145-D13525976AA6}.Release|Any CPU.Build.0 = Release|Any CPU
	EndGlobalSection
	GlobalSection(SolutionProperties) = preSolution
		HideSolutionNode = FALSE
	EndGlobalSection
	GlobalSection(ExtensibilityGlobals) = postSolution
		SolutionGuid = {04FBD5C5-3AAC-433C-973E-C3C7517956F2}
	EndGlobalSection
EndGlobal
